
Microsoft Visual Studio Solution File, Format Version 12.00
# Visual Studio Version 16
VisualStudioVersion = 16.0.30907.101
MinimumVisualStudioVersion = 10.0.40219.1
Project("{FAE04EC0-301F-11D3-BF4B-00C04F79EFBC}") = "WpfApp", "WpfApp\WpfApp.csproj", "{EF4D26FA-6190-45C9-99C4-A71839599E1B}"
EndProject
Project("{FAE04EC0-301F-11D3-BF4B-00C04F79EFBC}") = "MVVM", "MVVM\MVVM.csproj", "{D32D5BA4-22AB-48BA-849F-1CAE5EDFCF11}"
EndProject
Global
	GlobalSection(SolutionConfigurationPlatforms) = preSolution
		Debug|Any CPU = Debug|Any CPU
		Release|Any CPU = Release|Any CPU
	EndGlobalSection
	GlobalSection(ProjectConfigurationPlatforms) = postSolution
		{EF4D26FA-6190-45C9-99C4-A71839599E1B}.Debug|Any CPU.ActiveCfg = Debug|Any CPU
		{EF4D26FA-6190-45C9-99C4-A71839599E1B}.Debug|Any CPU.Build.0 = Debug|Any CPU
		{EF4D26FA-6190-45C9-99C4-A71839599E1B}.Release|Any CPU.ActiveCfg = Release|Any CPU
		{EF4D26FA-6190-45C9-99C4-A71839599E1B}.Release|Any CPU.Build.0 = Release|Any CPU
		{D32D5BA4-22AB-48BA-849F-1CAE5EDFCF11}.Debug|Any CPU.ActiveCfg = Debug|Any CPU
		{D32D5BA4-22AB-48BA-849F-1CAE5EDFCF11}.Debug|Any CPU.Build.0 = Debug|Any CPU
		{D32D5BA4-22AB-48BA-849F-1CAE5EDFCF11}.Release|Any CPU.ActiveCfg = Release|Any CPU
		{D32D5BA4-22AB-48BA-849F-1CAE5EDFCF11}.Release|Any CPU.Build.0 = Release|Any CPU
	EndGlobalSection
	GlobalSection(SolutionProperties) = preSolution
		HideSolutionNode = FALSE
	EndGlobalSection
	GlobalSection(ExtensibilityGlobals) = postSolution
		SolutionGuid = {67E1BF51-0E24-49E9-8802-0738F90B64ED}
	EndGlobalSection
EndGlobal
